
Microsoft Visual Studio Solution File, Format Version 10.00
# Visual Studio 2008
Project("{FAE04EC0-301F-11D3-BF4B-00C04F79EFBC}") = "ShowDesktop7", "ShowDesktop7\ShowDesktop7.csproj", "{4AC9BF71-1E69-4402-8FA5-F25B79A3D783}"
EndProject
Global
	GlobalSection(SolutionConfigurationPlatforms) = preSolution
		Debug|Any CPU = Debug|Any CPU
		Release|Any CPU = Release|Any CPU
	EndGlobalSection
	GlobalSection(ProjectConfigurationPlatforms) = postSolution
		{4AC9BF71-1E69-4402-8FA5-F25B79A3D783}.Debug|Any CPU.ActiveCfg = Debug|Any CPU
		{4AC9BF71-1E69-4402-8FA5-F25B79A3D783}.Debug|Any CPU.Build.0 = Debug|Any CPU
		{4AC9BF71-1E69-4402-8FA5-F25B79A3D783}.Release|Any CPU.ActiveCfg = Release|Any CPU
		{4AC9BF71-1E69-4402-8FA5-F25B79A3D783}.Release|Any CPU.Build.0 = Release|Any CPU
	EndGlobalSection
	GlobalSection(SolutionProperties) = preSolution
		HideSolutionNode = FALSE
	EndGlobalSection
EndGlobal
